
Microsoft Visual Studio Solution File, Format Version 12.00
# Visual Studio Version 16
VisualStudioVersion = 16.0.30413.136
MinimumVisualStudioVersion = 10.0.40219.1
Project("{FAE04EC0-301F-11D3-BF4B-00C04F79EFBC}") = "UTF4-EJER1", "UTF4-EJER1\UTF4-EJER1.csproj", "{A2F419A2-E726-4A4F-9EFC-58BD3EDC6583}"
EndProject
Global
	GlobalSection(SolutionConfigurationPlatforms) = preSolution
		Debug|Any CPU = Debug|Any CPU
		Release|Any CPU = Release|Any CPU
	EndGlobalSection
	GlobalSection(ProjectConfigurationPlatforms) = postSolution
		{A2F419A2-E726-4A4F-9EFC-58BD3EDC6583}.Debug|Any CPU.ActiveCfg = Debug|Any CPU
		{A2F419A2-E726-4A4F-9EFC-58BD3EDC6583}.Debug|Any CPU.Build.0 = Debug|Any CPU
		{A2F419A2-E726-4A4F-9EFC-58BD3EDC6583}.Release|Any CPU.ActiveCfg = Release|Any CPU
		{A2F419A2-E726-4A4F-9EFC-58BD3EDC6583}.Release|Any CPU.Build.0 = Release|Any CPU
	EndGlobalSection
	GlobalSection(SolutionProperties) = preSolution
		HideSolutionNode = FALSE
	EndGlobalSection
	GlobalSection(ExtensibilityGlobals) = postSolution
		SolutionGuid = {0E95D9F1-F3C7-4262-97BB-22FF62BC82D5}
	EndGlobalSection
EndGlobal
